
Microsoft Visual Studio Solution File, Format Version 12.00
# Visual Studio Version 17
VisualStudioVersion = 17.4.33213.308
MinimumVisualStudioVersion = 10.0.40219.1
Project("{FAE04EC0-301F-11D3-BF4B-00C04F79EFBC}") = "ABeginning", "ABeginning\ABeginning.csproj", "{EB8B6540-12ED-4847-9029-6F461CD02A5A}"
EndProject
Project("{FAE04EC0-301F-11D3-BF4B-00C04F79EFBC}") = "ProjectGutenberg", "ProjectGutenberg\ProjectGutenberg.csproj", "{267A6EEF-4A46-4D7B-9DA3-9449D697A0F6}"
EndProject
Project("{FAE04EC0-301F-11D3-BF4B-00C04F79EFBC}") = "CommentingCode", "CommentingCode\CommentingCode.csproj", "{29516C97-1A78-4226-8C82-A3F7C8910EE9}"
EndProject
Project("{FAE04EC0-301F-11D3-BF4B-00C04F79EFBC}") = "AllTheMaths", "AllTheMaths\AllTheMaths.csproj", "{83E7BD84-7C0B-4753-8B39-6E6B862922B8}"
EndProject
Project("{FAE04EC0-301F-11D3-BF4B-00C04F79EFBC}") = "InABucket", "InABucket\InABucket.csproj", "{C2AE98E5-EC4A-49F5-8938-9B64E4BAAB2D}"
EndProject
Project("{FAE04EC0-301F-11D3-BF4B-00C04F79EFBC}") = "MoreBucketsMoreFun", "MoreBucketsMoreFun\MoreBucketsMoreFun.csproj", "{EF2ED0AA-AFF1-4F41-9217-47D582168818}"
EndProject
Project("{FAE04EC0-301F-11D3-BF4B-00C04F79EFBC}") = "TheOrderOfThings", "TheOrderOfThings\TheOrderOfThings.csproj", "{5B047EC1-52A3-4A7A-96C3-9C9731543ED7}"
EndProject
Global
	GlobalSection(SolutionConfigurationPlatforms) = preSolution
		Debug|Any CPU = Debug|Any CPU
		Release|Any CPU = Release|Any CPU
	EndGlobalSection
	GlobalSection(ProjectConfigurationPlatforms) = postSolution
		{EB8B6540-12ED-4847-9029-6F461CD02A5A}.Debug|Any CPU.ActiveCfg = Debug|Any CPU
		{EB8B6540-12ED-4847-9029-6F461CD02A5A}.Debug|Any CPU.Build.0 = Debug|Any CPU
		{EB8B6540-12ED-4847-9029-6F461CD02A5A}.Release|Any CPU.ActiveCfg = Release|Any CPU
		{EB8B6540-12ED-4847-9029-6F461CD02A5A}.Release|Any CPU.Build.0 = Release|Any CPU
		{267A6EEF-4A46-4D7B-9DA3-9449D697A0F6}.Debug|Any CPU.ActiveCfg = Debug|Any CPU
		{267A6EEF-4A46-4D7B-9DA3-9449D697A0F6}.Debug|Any CPU.Build.0 = Debug|Any CPU
		{267A6EEF-4A46-4D7B-9DA3-9449D697A0F6}.Release|Any CPU.ActiveCfg = Release|Any CPU
		{267A6EEF-4A46-4D7B-9DA3-9449D697A0F6}.Release|Any CPU.Build.0 = Release|Any CPU
		{29516C97-1A78-4226-8C82-A3F7C8910EE9}.Debug|Any CPU.ActiveCfg = Debug|Any CPU
		{29516C97-1A78-4226-8C82-A3F7C8910EE9}.Debug|Any CPU.Build.0 = Debug|Any CPU
		{29516C97-1A78-4226-8C82-A3F7C8910EE9}.Release|Any CPU.ActiveCfg = Release|Any CPU
		{29516C97-1A78-4226-8C82-A3F7C8910EE9}.Release|Any CPU.Build.0 = Release|Any CPU
		{83E7BD84-7C0B-4753-8B39-6E6B862922B8}.Debug|Any CPU.ActiveCfg = Debug|Any CPU
		{83E7BD84-7C0B-4753-8B39-6E6B862922B8}.Debug|Any CPU.Build.0 = Debug|Any CPU
		{83E7BD84-7C0B-4753-8B39-6E6B862922B8}.Release|Any CPU.ActiveCfg = Release|Any CPU
		{83E7BD84-7C0B-4753-8B39-6E6B862922B8}.Release|Any CPU.Build.0 = Release|Any CPU
		{C2AE98E5-EC4A-49F5-8938-9B64E4BAAB2D}.Debug|Any CPU.ActiveCfg = Debug|Any CPU
		{C2AE98E5-EC4A-49F5-8938-9B64E4BAAB2D}.Debug|Any CPU.Build.0 = Debug|Any CPU
		{C2AE98E5-EC4A-49F5-8938-9B64E4BAAB2D}.Release|Any CPU.ActiveCfg = Release|Any CPU
		{C2AE98E5-EC4A-49F5-8938-9B64E4BAAB2D}.Release|Any CPU.Build.0 = Release|Any CPU
		{EF2ED0AA-AFF1-4F41-9217-47D582168818}.Debug|Any CPU.ActiveCfg = Debug|Any CPU
		{EF2ED0AA-AFF1-4F41-9217-47D582168818}.Debug|Any CPU.Build.0 = Debug|Any CPU
		{EF2ED0AA-AFF1-4F41-9217-47D582168818}.Release|Any CPU.ActiveCfg = Release|Any CPU
		{EF2ED0AA-AFF1-4F41-9217-47D582168818}.Release|Any CPU.Build.0 = Release|Any CPU
		{5B047EC1-52A3-4A7A-96C3-9C9731543ED7}.Debug|Any CPU.ActiveCfg = Debug|Any CPU
		{5B047EC1-52A3-4A7A-96C3-9C9731543ED7}.Debug|Any CPU.Build.0 = Debug|Any CPU
		{5B047EC1-52A3-4A7A-96C3-9C9731543ED7}.Release|Any CPU.ActiveCfg = Release|Any CPU
		{5B047EC1-52A3-4A7A-96C3-9C9731543ED7}.Release|Any CPU.Build.0 = Release|Any CPU
	EndGlobalSection
	GlobalSection(SolutionProperties) = preSolution
		HideSolutionNode = FALSE
	EndGlobalSection
	GlobalSection(ExtensibilityGlobals) = postSolution
		SolutionGuid = {071C5A1A-0799-4BE9-9776-C7E1110B9460}
	EndGlobalSection
EndGlobal
